{
  "nodes": {
    "crane": {
      "flake": false,
      "locked": {
        "lastModified": 1654444508,
        "narHash": "sha256-4OBvQ4V7jyt7afs6iKUvRzJ1u/9eYnKzVQbeQdiamuY=",
        "owner": "ipetkov",
        "repo": "crane",
        "rev": "db5482bf225acc3160899124a1df5a617cfa27b5",
        "type": "github"
      },
      "original": {
        "owner": "ipetkov",
        "repo": "crane",
        "type": "github"
      }
    },
    "devshell": {
      "flake": false,
      "locked": {
        "lastModified": 1660811669,
        "narHash": "sha256-V6lmsaLNFz41myppL0yxglta92ijkSvpZ+XVygAh+bU=",
        "owner": "numtide",
        "repo": "devshell",
        "rev": "c2feacb46ee69949124c835419861143c4016fb5",
        "type": "github"
      },
      "original": {
        "owner": "numtide",
        "repo": "devshell",
        "type": "github"
      }
    },
    "dream2nix": {
      "inputs": {
        "alejandra": [
          "nci",
          "nixpkgs"
        ],
        "crane": "crane",
        "devshell": [
          "nci",
          "devshell"
        ],
        "flake-utils-pre-commit": [
          "nci",
          "nixpkgs"
        ],
        "gomod2nix": [
          "nci",
          "nixpkgs"
        ],
        "mach-nix": [
          "nci",
          "nixpkgs"
        ],
        "nixpkgs": [
          "nci",
          "nixpkgs"
        ],
        "poetry2nix": [
          "nci",
          "nixpkgs"
        ],
        "pre-commit-hooks": [
          "nci",
          "nixpkgs"
        ]
      },
      "locked": {
        "lastModified": 1660815445,
        "narHash": "sha256-r6tV9Af9Q6J96VsFxGAc2KLdyXIA3qWwjoqNb7PViKo=",
        "owner": "nix-community",
        "repo": "dream2nix",
        "rev": "6d4f103b849fa9f7ad970249831c3428351c1376",
        "type": "github"
      },
      "original": {
        "owner": "nix-community",
        "repo": "dream2nix",
        "type": "github"
      }
    },
    "flake-utils": {
      "locked": {
        "lastModified": 1659877975,
        "narHash": "sha256-zllb8aq3YO3h8B/U0/J1WBgAL8EX5yWf5pMj3G0NAmc=",
        "owner": "numtide",
        "repo": "flake-utils",
        "rev": "c0e246b9b83f637f4681389ecabcb2681b4f3af0",
        "type": "github"
      },
      "original": {
        "owner": "numtide",
        "repo": "flake-utils",
        "type": "github"
      }
    },
    "flake-utils_2": {
      "locked": {
        "lastModified": 1659877975,
        "narHash": "sha256-zllb8aq3YO3h8B/U0/J1WBgAL8EX5yWf5pMj3G0NAmc=",
        "owner": "numtide",
        "repo": "flake-utils",
        "rev": "c0e246b9b83f637f4681389ecabcb2681b4f3af0",
        "type": "github"
      },
      "original": {
        "owner": "numtide",
        "repo": "flake-utils",
        "type": "github"
      }
    },
    "flake-utils_3": {
      "locked": {
        "lastModified": 1656928814,
        "narHash": "sha256-RIFfgBuKz6Hp89yRr7+NR5tzIAbn52h8vT6vXkYjZoM=",
        "owner": "numtide",
        "repo": "flake-utils",
        "rev": "7e2a3b3dfd9af950a856d66b0a7d01e3c18aa249",
        "type": "github"
      },
      "original": {
        "owner": "numtide",
        "repo": "flake-utils",
        "type": "github"
      }
    },
    "nci": {
      "inputs": {
        "devshell": "devshell",
        "dream2nix": "dream2nix",
        "nixpkgs": [
          "nixpkgs"
        ],
        "rust-overlay": [
          "rust-overlay"
        ]
      },
      "locked": {
        "lastModified": 1660889701,
        "narHash": "sha256-ZDC0w5X9CFtcW8spLQMp0kxJoPt1e5H13lt7BHvXqPU=",
        "owner": "yusdacra",
        "repo": "nix-cargo-integration",
        "rev": "fabb9ce4e25557b65d7408b062af803e2d186d09",
        "type": "github"
      },
      "original": {
        "owner": "yusdacra",
        "repo": "nix-cargo-integration",
        "type": "github"
      }
    },
    "nixos-codium": {
      "inputs": {
        "flake-utils": "flake-utils_2",
        "nixpkgs": [
          "nixpkgs"
        ]
      },
      "locked": {
        "lastModified": 1663024237,
        "narHash": "sha256-kfXMmy5ITVy6JUchekTXdoVoYaMTjIqNUJ5f+F6Ux8A=",
        "owner": "luis-hebendanz",
        "repo": "nixos-codium",
        "rev": "ab780ef712f6184187c0831348f536a002958951",
        "type": "github"
      },
      "original": {
        "owner": "luis-hebendanz",
        "repo": "nixos-codium",
        "type": "github"
      }
    },
    "nixpkgs": {
      "locked": {
        "lastModified": 1660819943,
        "narHash": "sha256-TRZV/mlW1eYuojqDC3ueYWj7jsTKXJCtyMLNYX/Ybtw=",
        "owner": "nixos",
        "repo": "nixpkgs",
        "rev": "8ea014acc33da95ea56c902229957d8225005163",
        "type": "github"
      },
      "original": {
        "owner": "nixos",
        "ref": "nixos-unstable",
        "repo": "nixpkgs",
        "type": "github"
      }
    },
    "root": {
      "inputs": {
        "flake-utils": "flake-utils",
        "nci": "nci",
        "nixos-codium": "nixos-codium",
        "nixpkgs": "nixpkgs",
        "rust-overlay": "rust-overlay"
      }
    },
    "rust-overlay": {
      "inputs": {
        "flake-utils": "flake-utils_3",
        "nixpkgs": [
          "nixpkgs"
        ]
      },
      "locked": {
        "lastModified": 1662951744,
        "narHash": "sha256-Z3X4OKTvkbFLHMpLsNj84ps4auKse9QIXYBPq3XF9Ns=",
        "owner": "oxalica",
        "repo": "rust-overlay",
        "rev": "d88cd53d7bc148b5979175b8f3e6e86b477fe715",
        "type": "github"
      },
      "original": {
        "owner": "oxalica",
        "repo": "rust-overlay",
        "type": "github"
      }
    }
  },
  "root": "root",
  "version": 7
}
