{
  "nodes": {
    "crane": {
      "flake": false,
      "locked": {
        "lastModified": 1661875961,
        "narHash": "sha256-f1h/2c6Teeu1ofAHWzrS8TwBPcnN+EEu+z1sRVmMQTk=",
        "owner": "ipetkov",
        "repo": "crane",
        "rev": "d9f394e4e20e97c2a60c3ad82c2b6ef99be19e24",
        "type": "github"
      },
      "original": {
        "owner": "ipetkov",
        "repo": "crane",
        "type": "github"
      }
    },
    "devshell": {
      "flake": false,
      "locked": {
        "lastModified": 1660811669,
        "narHash": "sha256-V6lmsaLNFz41myppL0yxglta92ijkSvpZ+XVygAh+bU=",
        "owner": "numtide",
        "repo": "devshell",
        "rev": "c2feacb46ee69949124c835419861143c4016fb5",
        "type": "github"
      },
      "original": {
        "owner": "numtide",
        "repo": "devshell",
        "type": "github"
      }
    },
    "dream2nix": {
      "inputs": {
        "alejandra": [
          "nci",
          "nixpkgs"
        ],
        "crane": "crane",
        "devshell": [
          "nci",
          "devshell"
        ],
        "flake-utils-pre-commit": [
          "nci",
          "nixpkgs"
        ],
        "gomod2nix": [
          "nci",
          "nixpkgs"
        ],
        "mach-nix": [
          "nci",
          "nixpkgs"
        ],
        "nixpkgs": [
          "nci",
          "nixpkgs"
        ],
        "poetry2nix": [
          "nci",
          "nixpkgs"
        ],
        "pre-commit-hooks": [
          "nci",
          "nixpkgs"
        ]
      },
      "locked": {
        "lastModified": 1662507674,
        "narHash": "sha256-vnXfje4pfTqDEqI837GCT+hNKqzfVwPen++gnLVO9F0=",
        "owner": "nix-community",
        "repo": "dream2nix",
        "rev": "5ba9061857e3e265538c9785bb56bda2bb8f9bca",
        "type": "github"
      },
      "original": {
        "owner": "nix-community",
        "repo": "dream2nix",
        "type": "github"
      }
    },
    "flake-utils": {
      "locked": {
        "lastModified": 1659877975,
        "narHash": "sha256-zllb8aq3YO3h8B/U0/J1WBgAL8EX5yWf5pMj3G0NAmc=",
        "owner": "numtide",
        "repo": "flake-utils",
        "rev": "c0e246b9b83f637f4681389ecabcb2681b4f3af0",
        "type": "github"
      },
      "original": {
        "owner": "numtide",
        "repo": "flake-utils",
        "type": "github"
      }
    },
    "flake-utils_2": {
      "locked": {
        "lastModified": 1659877975,
        "narHash": "sha256-zllb8aq3YO3h8B/U0/J1WBgAL8EX5yWf5pMj3G0NAmc=",
        "owner": "numtide",
        "repo": "flake-utils",
        "rev": "c0e246b9b83f637f4681389ecabcb2681b4f3af0",
        "type": "github"
      },
      "original": {
        "owner": "numtide",
        "repo": "flake-utils",
        "type": "github"
      }
    },
    "flake-utils_3": {
      "locked": {
        "lastModified": 1656928814,
        "narHash": "sha256-RIFfgBuKz6Hp89yRr7+NR5tzIAbn52h8vT6vXkYjZoM=",
        "owner": "numtide",
        "repo": "flake-utils",
        "rev": "7e2a3b3dfd9af950a856d66b0a7d01e3c18aa249",
        "type": "github"
      },
      "original": {
        "owner": "numtide",
        "repo": "flake-utils",
        "type": "github"
      }
    },
    "nci": {
      "inputs": {
        "devshell": "devshell",
        "dream2nix": "dream2nix",
        "nixpkgs": [
          "nixpkgs"
        ],
        "rust-overlay": [
          "rust-overlay"
        ]
      },
      "locked": {
        "lastModified": 1662965447,
        "narHash": "sha256-1YHJczq/kiT6yJIPRSVhzhU09kJZd9bja3MnvuEmgjM=",
        "owner": "yusdacra",
        "repo": "nix-cargo-integration",
        "rev": "e600c2dac4ea52282f0804fdc12624919af063b0",
        "type": "github"
      },
      "original": {
        "owner": "yusdacra",
        "repo": "nix-cargo-integration",
        "type": "github"
      }
    },
    "nixos-codium": {
      "inputs": {
        "flake-utils": "flake-utils_2",
        "nixpkgs": [
          "nixpkgs"
        ]
      },
      "locked": {
        "lastModified": 1663029447,
        "narHash": "sha256-sYAEk3QJGkNggmgermZI+r7IxuR0PYQ28PCmHC1OWws=",
        "owner": "luis-hebendanz",
        "repo": "nixos-codium",
        "rev": "acb10c673ea990b6ee3982b100863aba00ae90ef",
        "type": "github"
      },
      "original": {
        "owner": "luis-hebendanz",
        "repo": "nixos-codium",
        "type": "github"
      }
    },
    "nixpkgs": {
      "locked": {
        "lastModified": 1662911228,
        "narHash": "sha256-oJOrB2lEeBLaO8g1DKG5PK9a1zyOWypkscrEfxxEj8A=",
        "owner": "nixos",
        "repo": "nixpkgs",
        "rev": "c97e777ff06fcb8d37dcdf5e21e9eff1f34f0e90",
        "type": "github"
      },
      "original": {
        "owner": "nixos",
        "ref": "nixos-unstable",
        "repo": "nixpkgs",
        "type": "github"
      }
    },
    "root": {
      "inputs": {
        "flake-utils": "flake-utils",
        "nci": "nci",
        "nixos-codium": "nixos-codium",
        "nixpkgs": "nixpkgs",
        "rust-overlay": "rust-overlay"
      }
    },
    "rust-overlay": {
      "inputs": {
        "flake-utils": "flake-utils_3",
        "nixpkgs": [
          "nixpkgs"
        ]
      },
      "locked": {
        "lastModified": 1662951744,
        "narHash": "sha256-Z3X4OKTvkbFLHMpLsNj84ps4auKse9QIXYBPq3XF9Ns=",
        "owner": "oxalica",
        "repo": "rust-overlay",
        "rev": "d88cd53d7bc148b5979175b8f3e6e86b477fe715",
        "type": "github"
      },
      "original": {
        "owner": "oxalica",
        "repo": "rust-overlay",
        "type": "github"
      }
    }
  },
  "root": "root",
  "version": 7
}
