{
  "nodes": {
    "crane": {
      "flake": false,
      "locked": {
        "lastModified": 1661875961,
        "narHash": "sha256-f1h/2c6Teeu1ofAHWzrS8TwBPcnN+EEu+z1sRVmMQTk=",
        "owner": "ipetkov",
        "repo": "crane",
        "rev": "d9f394e4e20e97c2a60c3ad82c2b6ef99be19e24",
        "type": "github"
      },
      "original": {
        "owner": "ipetkov",
        "repo": "crane",
        "type": "github"
      }
    },
    "devshell": {
      "flake": false,
      "locked": {
        "lastModified": 1660811669,
        "narHash": "sha256-V6lmsaLNFz41myppL0yxglta92ijkSvpZ+XVygAh+bU=",
        "owner": "numtide",
        "repo": "devshell",
        "rev": "c2feacb46ee69949124c835419861143c4016fb5",
        "type": "github"
      },
      "original": {
        "owner": "numtide",
        "repo": "devshell",
        "type": "github"
      }
    },
    "dream2nix": {
      "inputs": {
        "alejandra": [
          "nci",
          "nixpkgs"
        ],
        "crane": "crane",
        "devshell": [
          "nci",
          "devshell"
        ],
        "flake-utils-pre-commit": [
          "nci",
          "nixpkgs"
        ],
        "gomod2nix": [
          "nci",
          "nixpkgs"
        ],
        "mach-nix": [
          "nci",
          "nixpkgs"
        ],
        "nixpkgs": [
          "nci",
          "nixpkgs"
        ],
        "poetry2nix": [
          "nci",
          "nixpkgs"
        ],
        "pre-commit-hooks": [
          "nci",
          "nixpkgs"
        ]
      },
      "locked": {
        "lastModified": 1662507674,
        "narHash": "sha256-vnXfje4pfTqDEqI837GCT+hNKqzfVwPen++gnLVO9F0=",
        "owner": "nix-community",
        "repo": "dream2nix",
        "rev": "5ba9061857e3e265538c9785bb56bda2bb8f9bca",
        "type": "github"
      },
      "original": {
        "owner": "nix-community",
        "repo": "dream2nix",
        "type": "github"
      }
    },
    "fenix": {
      "inputs": {
        "nixpkgs": [
          "vmsh-flake",
          "nixpkgs"
        ],
        "rust-analyzer-src": "rust-analyzer-src"
      },
      "locked": {
        "lastModified": 1638426247,
        "narHash": "sha256-EYiJfv3LaACTMgJa55M0Oluq1Em/eW3BfQr/oYZQP1g=",
        "owner": "nix-community",
        "repo": "fenix",
        "rev": "b3e5ce9985c380c8fe1b9d14879a14b749d1af51",
        "type": "github"
      },
      "original": {
        "owner": "nix-community",
        "repo": "fenix",
        "rev": "b3e5ce9985c380c8fe1b9d14879a14b749d1af51",
        "type": "github"
      }
    },
    "flake-utils": {
      "locked": {
        "lastModified": 1659877975,
        "narHash": "sha256-zllb8aq3YO3h8B/U0/J1WBgAL8EX5yWf5pMj3G0NAmc=",
        "owner": "numtide",
        "repo": "flake-utils",
        "rev": "c0e246b9b83f637f4681389ecabcb2681b4f3af0",
        "type": "github"
      },
      "original": {
        "owner": "numtide",
        "repo": "flake-utils",
        "type": "github"
      }
    },
    "flake-utils_2": {
      "locked": {
        "lastModified": 1659877975,
        "narHash": "sha256-zllb8aq3YO3h8B/U0/J1WBgAL8EX5yWf5pMj3G0NAmc=",
        "owner": "numtide",
        "repo": "flake-utils",
        "rev": "c0e246b9b83f637f4681389ecabcb2681b4f3af0",
        "type": "github"
      },
      "original": {
        "owner": "numtide",
        "repo": "flake-utils",
        "type": "github"
      }
    },
    "flake-utils_3": {
      "locked": {
        "lastModified": 1659877975,
        "narHash": "sha256-zllb8aq3YO3h8B/U0/J1WBgAL8EX5yWf5pMj3G0NAmc=",
        "owner": "numtide",
        "repo": "flake-utils",
        "rev": "c0e246b9b83f637f4681389ecabcb2681b4f3af0",
        "type": "github"
      },
      "original": {
        "owner": "numtide",
        "repo": "flake-utils",
        "type": "github"
      }
    },
    "flake-utils_4": {
      "locked": {
        "lastModified": 1656928814,
        "narHash": "sha256-RIFfgBuKz6Hp89yRr7+NR5tzIAbn52h8vT6vXkYjZoM=",
        "owner": "numtide",
        "repo": "flake-utils",
        "rev": "7e2a3b3dfd9af950a856d66b0a7d01e3c18aa249",
        "type": "github"
      },
      "original": {
        "owner": "numtide",
        "repo": "flake-utils",
        "type": "github"
      }
    },
    "flake-utils_5": {
      "locked": {
        "lastModified": 1642700792,
        "narHash": "sha256-XqHrk7hFb+zBvRg6Ghl+AZDq03ov6OshJLiSWOoX5es=",
        "owner": "numtide",
        "repo": "flake-utils",
        "rev": "846b2ae0fc4cc943637d3d1def4454213e203cba",
        "type": "github"
      },
      "original": {
        "owner": "numtide",
        "repo": "flake-utils",
        "type": "github"
      }
    },
    "glue-gun": {
      "inputs": {
        "naersk": "naersk",
        "nixpkgs": [
          "nixpkgs"
        ],
        "utils": "utils"
      },
      "locked": {
        "lastModified": 1663030637,
        "narHash": "sha256-rjucaYNXFkO4b4Bt6cW4amY2/5pdYCnY62/ooxbYwAY=",
        "owner": "luis-hebendanz",
        "repo": "glue_gun",
        "rev": "7fba533dcc93d9d64725811a68723438d0683017",
        "type": "github"
      },
      "original": {
        "owner": "luis-hebendanz",
        "repo": "glue_gun",
        "type": "github"
      }
    },
    "microvm": {
      "inputs": {
        "flake-utils": [
          "vmsh-flake",
          "flake-utils"
        ],
        "nixpkgs": [
          "vmsh-flake",
          "nixpkgs"
        ]
      },
      "locked": {
        "lastModified": 1643688782,
        "narHash": "sha256-7VFuf0qWg8w3zOatvhavnFoO6qnOBV6SNj7oCxbkn2I=",
        "owner": "Mic92",
        "repo": "microvm.nix",
        "rev": "375f443b6a389752906f0fa658a5f924f8673881",
        "type": "github"
      },
      "original": {
        "owner": "Mic92",
        "repo": "microvm.nix",
        "type": "github"
      }
    },
    "naersk": {
      "inputs": {
        "nixpkgs": "nixpkgs"
      },
      "locked": {
        "lastModified": 1662220400,
        "narHash": "sha256-9o2OGQqu4xyLZP9K6kNe1pTHnyPz0Wr3raGYnr9AIgY=",
        "owner": "nix-community",
        "repo": "naersk",
        "rev": "6944160c19cb591eb85bbf9b2f2768a935623ed3",
        "type": "github"
      },
      "original": {
        "owner": "nix-community",
        "ref": "master",
        "repo": "naersk",
        "type": "github"
      }
    },
    "naersk_2": {
      "inputs": {
        "nixpkgs": "nixpkgs_2"
      },
      "locked": {
        "lastModified": 1662220400,
        "narHash": "sha256-9o2OGQqu4xyLZP9K6kNe1pTHnyPz0Wr3raGYnr9AIgY=",
        "owner": "nix-community",
        "repo": "naersk",
        "rev": "6944160c19cb591eb85bbf9b2f2768a935623ed3",
        "type": "github"
      },
      "original": {
        "owner": "nix-community",
        "ref": "master",
        "repo": "naersk",
        "type": "github"
      }
    },
    "nci": {
      "inputs": {
        "devshell": "devshell",
        "dream2nix": "dream2nix",
        "nixpkgs": [
          "nixpkgs"
        ],
        "rust-overlay": [
          "rust-overlay"
        ]
      },
      "locked": {
        "lastModified": 1662965447,
        "narHash": "sha256-1YHJczq/kiT6yJIPRSVhzhU09kJZd9bja3MnvuEmgjM=",
        "owner": "yusdacra",
        "repo": "nix-cargo-integration",
        "rev": "e600c2dac4ea52282f0804fdc12624919af063b0",
        "type": "github"
      },
      "original": {
        "owner": "yusdacra",
        "repo": "nix-cargo-integration",
        "type": "github"
      }
    },
    "nix-ipxe": {
      "inputs": {
        "flake-utils": "flake-utils_2",
        "nixpkgs": [
          "nixpkgs"
        ]
      },
      "locked": {
        "lastModified": 1663066730,
        "narHash": "sha256-8MSdVzO5L9Hp6S+eN5/+02k/eaaGTdxzMyvsxG6fS54=",
        "owner": "luis-hebendanz",
        "repo": "ipxe",
        "rev": "a4c64d5d14bcc70a57297738667054c42146d3b2",
        "type": "github"
      },
      "original": {
        "owner": "luis-hebendanz",
        "ref": "multibootv2",
        "repo": "ipxe",
        "type": "github"
      }
    },
    "nix-parse-gdt": {
      "inputs": {
        "naersk": "naersk_2",
        "nixpkgs": [
          "nixpkgs"
        ],
        "utils": "utils_2"
      },
      "locked": {
        "lastModified": 1663063488,
        "narHash": "sha256-tpy8T+HeWDJq/1SYKdRc9hLUMC38lcD7oicbPhMSvlI=",
        "owner": "luis-hebendanz",
        "repo": "parse-gdt",
        "rev": "9b24203254034b12d3bd770f400df6f7b780c182",
        "type": "github"
      },
      "original": {
        "owner": "luis-hebendanz",
        "repo": "parse-gdt",
        "type": "github"
      }
    },
    "nixos-codium": {
      "inputs": {
        "flake-utils": "flake-utils_3",
        "nixpkgs": [
          "nixpkgs"
        ]
      },
      "locked": {
        "lastModified": 1663029447,
        "narHash": "sha256-sYAEk3QJGkNggmgermZI+r7IxuR0PYQ28PCmHC1OWws=",
        "owner": "luis-hebendanz",
        "repo": "nixos-codium",
        "rev": "acb10c673ea990b6ee3982b100863aba00ae90ef",
        "type": "github"
      },
      "original": {
        "owner": "luis-hebendanz",
        "repo": "nixos-codium",
        "type": "github"
      }
    },
    "nixpkgs": {
      "locked": {
        "lastModified": 1662934689,
        "narHash": "sha256-mXi8hmhiunOVTeHiuouWXb0vTqjzp9v9kshMmI561Us=",
        "owner": "NixOS",
        "repo": "nixpkgs",
        "rev": "a0b7e70db7a55088d3de0cc370a59f9fbcc906c3",
        "type": "github"
      },
      "original": {
        "id": "nixpkgs",
        "type": "indirect"
      }
    },
    "nixpkgs_2": {
      "locked": {
        "lastModified": 1662934689,
        "narHash": "sha256-mXi8hmhiunOVTeHiuouWXb0vTqjzp9v9kshMmI561Us=",
        "owner": "NixOS",
        "repo": "nixpkgs",
        "rev": "a0b7e70db7a55088d3de0cc370a59f9fbcc906c3",
        "type": "github"
      },
      "original": {
        "id": "nixpkgs",
        "type": "indirect"
      }
    },
    "nixpkgs_3": {
      "locked": {
        "lastModified": 1662911228,
        "narHash": "sha256-oJOrB2lEeBLaO8g1DKG5PK9a1zyOWypkscrEfxxEj8A=",
        "owner": "nixos",
        "repo": "nixpkgs",
        "rev": "c97e777ff06fcb8d37dcdf5e21e9eff1f34f0e90",
        "type": "github"
      },
      "original": {
        "owner": "nixos",
        "ref": "nixos-unstable",
        "repo": "nixpkgs",
        "type": "github"
      }
    },
    "not-os": {
      "flake": false,
      "locked": {
        "lastModified": 1630679604,
        "narHash": "sha256-LuBfCWZpHR4EI5cS9/xo9mRNl4RR4qPGTbTDeRjovTE=",
        "owner": "cleverca22",
        "repo": "not-os",
        "rev": "1b1feb12a44daf57885d3167acd647dea7a1b29f",
        "type": "github"
      },
      "original": {
        "owner": "cleverca22",
        "repo": "not-os",
        "type": "github"
      }
    },
    "root": {
      "inputs": {
        "flake-utils": "flake-utils",
        "glue-gun": "glue-gun",
        "nci": "nci",
        "nix-ipxe": "nix-ipxe",
        "nix-parse-gdt": "nix-parse-gdt",
        "nixos-codium": "nixos-codium",
        "nixpkgs": "nixpkgs_3",
        "rust-overlay": "rust-overlay",
        "vmsh-flake": "vmsh-flake"
      }
    },
    "rust-analyzer-src": {
      "flake": false,
      "locked": {
        "lastModified": 1638362177,
        "narHash": "sha256-f502pAc90mJ9WcU7/lv0TfCm22PMtM55Kw4BF4SGjNk=",
        "owner": "rust-analyzer",
        "repo": "rust-analyzer",
        "rev": "4691a0647b2c96cc475d8bbe7c31fe194d1443e7",
        "type": "github"
      },
      "original": {
        "owner": "rust-analyzer",
        "ref": "nightly",
        "repo": "rust-analyzer",
        "type": "github"
      }
    },
    "rust-overlay": {
      "inputs": {
        "flake-utils": "flake-utils_4",
        "nixpkgs": [
          "nixpkgs"
        ]
      },
      "locked": {
        "lastModified": 1662951744,
        "narHash": "sha256-Z3X4OKTvkbFLHMpLsNj84ps4auKse9QIXYBPq3XF9Ns=",
        "owner": "oxalica",
        "repo": "rust-overlay",
        "rev": "d88cd53d7bc148b5979175b8f3e6e86b477fe715",
        "type": "github"
      },
      "original": {
        "owner": "oxalica",
        "repo": "rust-overlay",
        "type": "github"
      }
    },
    "utils": {
      "locked": {
        "lastModified": 1659877975,
        "narHash": "sha256-zllb8aq3YO3h8B/U0/J1WBgAL8EX5yWf5pMj3G0NAmc=",
        "owner": "numtide",
        "repo": "flake-utils",
        "rev": "c0e246b9b83f637f4681389ecabcb2681b4f3af0",
        "type": "github"
      },
      "original": {
        "owner": "numtide",
        "repo": "flake-utils",
        "type": "github"
      }
    },
    "utils_2": {
      "locked": {
        "lastModified": 1659877975,
        "narHash": "sha256-zllb8aq3YO3h8B/U0/J1WBgAL8EX5yWf5pMj3G0NAmc=",
        "owner": "numtide",
        "repo": "flake-utils",
        "rev": "c0e246b9b83f637f4681389ecabcb2681b4f3af0",
        "type": "github"
      },
      "original": {
        "owner": "numtide",
        "repo": "flake-utils",
        "type": "github"
      }
    },
    "vmsh-flake": {
      "inputs": {
        "fenix": "fenix",
        "flake-utils": "flake-utils_5",
        "microvm": "microvm",
        "nixpkgs": [
          "nixpkgs"
        ],
        "not-os": "not-os"
      },
      "locked": {
        "lastModified": 1649258801,
        "narHash": "sha256-gdpDu1ys7rT8G8sIQizV73YwpHn4VBLnnafRgmorLPo=",
        "owner": "mic92",
        "repo": "vmsh",
        "rev": "cfbb612d5f5615b194fbacd9b4a32e9816eac3b4",
        "type": "github"
      },
      "original": {
        "owner": "mic92",
        "repo": "vmsh",
        "type": "github"
      }
    }
  },
  "root": "root",
  "version": 7
}
